// !$*UTF8*$!
{
	archiveVersion = 1;
	classes = {
	};
	objectVersion = 52;
	objects = {

/* Begin PBXBuildFile section */
		C2C0CACB272FE4F600FB4B7A /* CombineExt in Frameworks */ = {isa = PBXBuildFile; productRef = C2C0CACA272FE4F600FB4B7A /* CombineExt */; };
		C2C0CB2A27396A0C00FB4B7A /* Array+Utils.swift in Sources */ = {isa = PBXBuildFile; fileRef = C2C0CB2927396A0C00FB4B7A /* Array+Utils.swift */; };
		C2D62088274B612F0076DA8F /* AddPaymentMethod in Frameworks */ = {isa = PBXBuildFile; productRef = C2D62087274B612F0076DA8F /* AddPaymentMethod */; };
		C2D6208A274B8BE70076DA8F /* CombineUtil in Frameworks */ = {isa = PBXBuildFile; productRef = C2D62089274B8BE70076DA8F /* CombineUtil */; };
		C2D6208C274B8BE70076DA8F /* RIBsUtil in Frameworks */ = {isa = PBXBuildFile; productRef = C2D6208B274B8BE70076DA8F /* RIBsUtil */; };
		C2D6208E274B8BE70076DA8F /* SuperUI in Frameworks */ = {isa = PBXBuildFile; productRef = C2D6208D274B8BE70076DA8F /* SuperUI */; };
		C2D62090274B8BEC0076DA8F /* FinanceEntity in Frameworks */ = {isa = PBXBuildFile; productRef = C2D6208F274B8BEC0076DA8F /* FinanceEntity */; };
		C2D62092274B8BEC0076DA8F /* FinanceRepository in Frameworks */ = {isa = PBXBuildFile; productRef = C2D62091274B8BEC0076DA8F /* FinanceRepository */; };
		C2D62094274B9E3F0076DA8F /* Topup in Frameworks */ = {isa = PBXBuildFile; productRef = C2D62093274B9E3F0076DA8F /* Topup */; };
		C2D62098274BA2C10076DA8F /* FinanceHome in Frameworks */ = {isa = PBXBuildFile; productRef = C2D62097274BA2C10076DA8F /* FinanceHome */; };
		C2D6209C274BA4320076DA8F /* TransportHome in Frameworks */ = {isa = PBXBuildFile; productRef = C2D6209B274BA4320076DA8F /* TransportHome */; };
		C2D6209E274BA7360076DA8F /* AppHome in Frameworks */ = {isa = PBXBuildFile; productRef = C2D6209D274BA7360076DA8F /* AppHome */; };
		C2D620A0274BA8B50076DA8F /* ProfileHome in Frameworks */ = {isa = PBXBuildFile; productRef = C2D6209F274BA8B50076DA8F /* ProfileHome */; };
		C2D620A2274BB1790076DA8F /* AppRootComponent.swift in Sources */ = {isa = PBXBuildFile; fileRef = C2D620A1274BB1790076DA8F /* AppRootComponent.swift */; };
		C2D620A4274BB1BF0076DA8F /* TransportHomeImp in Frameworks */ = {isa = PBXBuildFile; productRef = C2D620A3274BB1BF0076DA8F /* TransportHomeImp */; };
		C2D620A6274BB6CE0076DA8F /* TopupImp in Frameworks */ = {isa = PBXBuildFile; productRef = C2D620A5274BB6CE0076DA8F /* TopupImp */; };
		C2D620A8274BB95B0076DA8F /* AddPaymentMethodImp in Frameworks */ = {isa = PBXBuildFile; productRef = C2D620A7274BB95B0076DA8F /* AddPaymentMethodImp */; };
		C2D620AA274BC16F0076DA8F /* Network in Frameworks */ = {isa = PBXBuildFile; productRef = C2D620A9274BC16F0076DA8F /* Network */; };
		C2D620AC274BC16F0076DA8F /* NetworkImp in Frameworks */ = {isa = PBXBuildFile; productRef = C2D620AB274BC16F0076DA8F /* NetworkImp */; };
		C2D620AE274BC1C30076DA8F /* BaseURL.swift in Sources */ = {isa = PBXBuildFile; fileRef = C2D620AD274BC1C30076DA8F /* BaseURL.swift */; };
		C2D620B0274BC2F60076DA8F /* SuperAppURLProtocol.swift in Sources */ = {isa = PBXBuildFile; fileRef = C2D620AF274BC2F60076DA8F /* SuperAppURLProtocol.swift */; };
		C2D620B2274BC5B30076DA8F /* SetupURLProtocol.swift in Sources */ = {isa = PBXBuildFile; fileRef = C2D620B1274BC5B30076DA8F /* SetupURLProtocol.swift */; };
		C2F20969275DE11000F1851F /* MiniSuperAppUITests.swift in Sources */ = {isa = PBXBuildFile; fileRef = C2F20968275DE11000F1851F /* MiniSuperAppUITests.swift */; };
		C2F20971275DE15800F1851F /* TopupImpUITests.swift in Sources */ = {isa = PBXBuildFile; fileRef = C2F20970275DE15800F1851F /* TopupImpUITests.swift */; };
		C2F20976275DE3B800F1851F /* PlatformTestSupport in Frameworks */ = {isa = PBXBuildFile; productRef = C2F20975275DE3B800F1851F /* PlatformTestSupport */; };
		C2F20979275DE3F300F1851F /* cardOnFile.json in Resources */ = {isa = PBXBuildFile; fileRef = C2F20978275DE3F300F1851F /* cardOnFile.json */; };
		C2F2097B275DE49A00F1851F /* TestUtil.swift in Sources */ = {isa = PBXBuildFile; fileRef = C2F2097A275DE49A00F1851F /* TestUtil.swift */; };
		C2F2097D275DE50700F1851F /* topupSuccessResponse.json in Resources */ = {isa = PBXBuildFile; fileRef = C2F2097C275DE50700F1851F /* topupSuccessResponse.json */; };
		C2F20985275DE89700F1851F /* AppDelegate.swift in Sources */ = {isa = PBXBuildFile; fileRef = C2F20984275DE89700F1851F /* AppDelegate.swift */; };
		C2F2098E275DE89800F1851F /* Assets.xcassets in Resources */ = {isa = PBXBuildFile; fileRef = C2F2098D275DE89800F1851F /* Assets.xcassets */; };
		C2F20991275DE89800F1851F /* LaunchScreen.storyboard in Resources */ = {isa = PBXBuildFile; fileRef = C2F2098F275DE89800F1851F /* LaunchScreen.storyboard */; };
		C2F209A7275DE99200F1851F /* PlatformTestSupport in Frameworks */ = {isa = PBXBuildFile; productRef = C2F209A6275DE99200F1851F /* PlatformTestSupport */; };
		C2F209A9275DE9C600F1851F /* AddPaymentMethodIntegrationTests.swift in Sources */ = {isa = PBXBuildFile; fileRef = C2F209A8275DE9C600F1851F /* AddPaymentMethodIntegrationTests.swift */; };
		C2F209AB275DEB5B00F1851F /* AddPaymentMethod in Frameworks */ = {isa = PBXBuildFile; productRef = C2F209AA275DEB5B00F1851F /* AddPaymentMethod */; };
		C2F209AD275DEB5B00F1851F /* AddPaymentMethodImp in Frameworks */ = {isa = PBXBuildFile; productRef = C2F209AC275DEB5B00F1851F /* AddPaymentMethodImp */; };
		C2F209AF275DEC0400F1851F /* FinanaceRepositoryTestSupport in Frameworks */ = {isa = PBXBuildFile; productRef = C2F209AE275DEC0400F1851F /* FinanaceRepositoryTestSupport */; };
		C2F209B1275DEC0400F1851F /* FinanceRepository in Frameworks */ = {isa = PBXBuildFile; productRef = C2F209B0275DEC0400F1851F /* FinanceRepository */; };
		C2F209B3275DF44E00F1851F /* AddPaymentMethodTestSupport in Frameworks */ = {isa = PBXBuildFile; productRef = C2F209B2275DF44E00F1851F /* AddPaymentMethodTestSupport */; };
		F57F6AFE26DB4CD700C0117D /* RootTabBarController.swift in Sources */ = {isa = PBXBuildFile; fileRef = F57F6AFD26DB4CD700C0117D /* RootTabBarController.swift */; };
		F5829F5926DB2BC400BFA8CD /* AppDelegate.swift in Sources */ = {isa = PBXBuildFile; fileRef = F5829F5826DB2BC400BFA8CD /* AppDelegate.swift */; };
		F5829F6226DB2BC500BFA8CD /* Assets.xcassets in Resources */ = {isa = PBXBuildFile; fileRef = F5829F6126DB2BC500BFA8CD /* Assets.xcassets */; };
		F5829F6526DB2BC500BFA8CD /* LaunchScreen.storyboard in Resources */ = {isa = PBXBuildFile; fileRef = F5829F6326DB2BC500BFA8CD /* LaunchScreen.storyboard */; };
		F5829F6E26DB2DE900BFA8CD /* ModernRIBs in Frameworks */ = {isa = PBXBuildFile; productRef = F5829F6D26DB2DE900BFA8CD /* ModernRIBs */; };
		F5829F7426DB34AA00BFA8CD /* AppRootRouter.swift in Sources */ = {isa = PBXBuildFile; fileRef = F5829F7026DB34AA00BFA8CD /* AppRootRouter.swift */; };
		F5829F7626DB34AA00BFA8CD /* AppRootBuilder.swift in Sources */ = {isa = PBXBuildFile; fileRef = F5829F7226DB34AA00BFA8CD /* AppRootBuilder.swift */; };
		F5829F7726DB34AA00BFA8CD /* AppRootInteractor.swift in Sources */ = {isa = PBXBuildFile; fileRef = F5829F7326DB34AA00BFA8CD /* AppRootInteractor.swift */; };
		F5829F7926DB397300BFA8CD /* AppComponent.swift in Sources */ = {isa = PBXBuildFile; fileRef = F5829F7826DB397300BFA8CD /* AppComponent.swift */; };
/* End PBXBuildFile section */

/* Begin PBXContainerItemProxy section */
		C2F2096B275DE11000F1851F /* PBXContainerItemProxy */ = {
			isa = PBXContainerItemProxy;
			containerPortal = F5829F4D26DB2BC400BFA8CD /* Project object */;
			proxyType = 1;
			remoteGlobalIDString = F5829F5426DB2BC400BFA8CD;
			remoteInfo = MiniSuperApp;
		};
		C2F209A0275DE91400F1851F /* PBXContainerItemProxy */ = {
			isa = PBXContainerItemProxy;
			containerPortal = F5829F4D26DB2BC400BFA8CD /* Project object */;
			proxyType = 1;
			remoteGlobalIDString = C2F20981275DE89700F1851F;
			remoteInfo = TestHost;
		};
/* End PBXContainerItemProxy section */

/* Begin PBXFileReference section */
		C2C0CB2927396A0C00FB4B7A /* Array+Utils.swift */ = {isa = PBXFileReference; lastKnownFileType = sourcecode.swift; path = "Array+Utils.swift"; sourceTree = "<group>"; };
		C2D62080274B280B0076DA8F /* CX */ = {isa = PBXFileReference; lastKnownFileType = folder; path = CX; sourceTree = "<group>"; };
		C2D62081274B28370076DA8F /* Finanace */ = {isa = PBXFileReference; lastKnownFileType = folder; path = Finanace; sourceTree = "<group>"; };
		C2D62082274B28440076DA8F /* Transport */ = {isa = PBXFileReference; lastKnownFileType = folder; path = Transport; sourceTree = "<group>"; };
		C2D62083274B5FED0076DA8F /* Profile */ = {isa = PBXFileReference; lastKnownFileType = folder; path = Profile; sourceTree = "<group>"; };
		C2D62084274B60020076DA8F /* Platform */ = {isa = PBXFileReference; lastKnownFileType = folder; path = Platform; sourceTree = "<group>"; };
		C2D620A1274BB1790076DA8F /* AppRootComponent.swift */ = {isa = PBXFileReference; lastKnownFileType = sourcecode.swift; path = AppRootComponent.swift; sourceTree = "<group>"; };
		C2D620AD274BC1C30076DA8F /* BaseURL.swift */ = {isa = PBXFileReference; lastKnownFileType = sourcecode.swift; path = BaseURL.swift; sourceTree = "<group>"; };
		C2D620AF274BC2F60076DA8F /* SuperAppURLProtocol.swift */ = {isa = PBXFileReference; lastKnownFileType = sourcecode.swift; path = SuperAppURLProtocol.swift; sourceTree = "<group>"; };
		C2D620B1274BC5B30076DA8F /* SetupURLProtocol.swift */ = {isa = PBXFileReference; lastKnownFileType = sourcecode.swift; path = SetupURLProtocol.swift; sourceTree = "<group>"; };
		C2F20966275DE11000F1851F /* MiniSuperAppUITests.xctest */ = {isa = PBXFileReference; explicitFileType = wrapper.cfbundle; includeInIndex = 0; path = MiniSuperAppUITests.xctest; sourceTree = BUILT_PRODUCTS_DIR; };
		C2F20968275DE11000F1851F /* MiniSuperAppUITests.swift */ = {isa = PBXFileReference; lastKnownFileType = sourcecode.swift; path = MiniSuperAppUITests.swift; sourceTree = "<group>"; };
		C2F2096A275DE11000F1851F /* Info.plist */ = {isa = PBXFileReference; lastKnownFileType = text.plist.xml; path = Info.plist; sourceTree = "<group>"; };
		C2F20970275DE15800F1851F /* TopupImpUITests.swift */ = {isa = PBXFileReference; lastKnownFileType = sourcecode.swift; path = TopupImpUITests.swift; sourceTree = "<group>"; };
		C2F20978275DE3F300F1851F /* cardOnFile.json */ = {isa = PBXFileReference; lastKnownFileType = text.json; path = cardOnFile.json; sourceTree = "<group>"; };
		C2F2097A275DE49A00F1851F /* TestUtil.swift */ = {isa = PBXFileReference; fileEncoding = 4; lastKnownFileType = sourcecode.swift; name = TestUtil.swift; path = Samples/TestUtil.swift; sourceTree = SOURCE_ROOT; };
		C2F2097C275DE50700F1851F /* topupSuccessResponse.json */ = {isa = PBXFileReference; lastKnownFileType = text.json; path = topupSuccessResponse.json; sourceTree = "<group>"; };
		C2F20982275DE89700F1851F /* TestHost.app */ = {isa = PBXFileReference; explicitFileType = wrapper.application; includeInIndex = 0; path = TestHost.app; sourceTree = BUILT_PRODUCTS_DIR; };
		C2F20984275DE89700F1851F /* AppDelegate.swift */ = {isa = PBXFileReference; lastKnownFileType = sourcecode.swift; path = AppDelegate.swift; sourceTree = "<group>"; };
		C2F2098D275DE89800F1851F /* Assets.xcassets */ = {isa = PBXFileReference; lastKnownFileType = folder.assetcatalog; path = Assets.xcassets; sourceTree = "<group>"; };
		C2F20990275DE89800F1851F /* Base */ = {isa = PBXFileReference; lastKnownFileType = file.storyboard; name = Base; path = Base.lproj/LaunchScreen.storyboard; sourceTree = "<group>"; };
		C2F20992275DE89800F1851F /* Info.plist */ = {isa = PBXFileReference; lastKnownFileType = text.plist.xml; path = Info.plist; sourceTree = "<group>"; };
		C2F2099B275DE91300F1851F /* AddPaymentMethodIntegraionTests.xctest */ = {isa = PBXFileReference; explicitFileType = wrapper.cfbundle; includeInIndex = 0; path = AddPaymentMethodIntegraionTests.xctest; sourceTree = BUILT_PRODUCTS_DIR; };
		C2F2099F275DE91400F1851F /* Info.plist */ = {isa = PBXFileReference; lastKnownFileType = text.plist.xml; path = Info.plist; sourceTree = "<group>"; };
		C2F209A8275DE9C600F1851F /* AddPaymentMethodIntegrationTests.swift */ = {isa = PBXFileReference; lastKnownFileType = sourcecode.swift; path = AddPaymentMethodIntegrationTests.swift; sourceTree = "<group>"; };
		F57F6AFD26DB4CD700C0117D /* RootTabBarController.swift */ = {isa = PBXFileReference; lastKnownFileType = sourcecode.swift; path = RootTabBarController.swift; sourceTree = "<group>"; };
		F5829F5526DB2BC400BFA8CD /* MiniSuperApp.app */ = {isa = PBXFileReference; explicitFileType = wrapper.application; includeInIndex = 0; path = MiniSuperApp.app; sourceTree = BUILT_PRODUCTS_DIR; };
		F5829F5826DB2BC400BFA8CD /* AppDelegate.swift */ = {isa = PBXFileReference; lastKnownFileType = sourcecode.swift; path = AppDelegate.swift; sourceTree = "<group>"; };
		F5829F6126DB2BC500BFA8CD /* Assets.xcassets */ = {isa = PBXFileReference; lastKnownFileType = folder.assetcatalog; path = Assets.xcassets; sourceTree = "<group>"; };
		F5829F6426DB2BC500BFA8CD /* Base */ = {isa = PBXFileReference; lastKnownFileType = file.storyboard; name = Base; path = Base.lproj/LaunchScreen.storyboard; sourceTree = "<group>"; };
		F5829F6626DB2BC500BFA8CD /* Info.plist */ = {isa = PBXFileReference; lastKnownFileType = text.plist.xml; path = Info.plist; sourceTree = "<group>"; };
		F5829F7026DB34AA00BFA8CD /* AppRootRouter.swift */ = {isa = PBXFileReference; lastKnownFileType = sourcecode.swift; path = AppRootRouter.swift; sourceTree = "<group>"; };
		F5829F7226DB34AA00BFA8CD /* AppRootBuilder.swift */ = {isa = PBXFileReference; lastKnownFileType = sourcecode.swift; path = AppRootBuilder.swift; sourceTree = "<group>"; };
		F5829F7326DB34AA00BFA8CD /* AppRootInteractor.swift */ = {isa = PBXFileReference; lastKnownFileType = sourcecode.swift; path = AppRootInteractor.swift; sourceTree = "<group>"; };
		F5829F7826DB397300BFA8CD /* AppComponent.swift */ = {isa = PBXFileReference; lastKnownFileType = sourcecode.swift; path = AppComponent.swift; sourceTree = "<group>"; };
/* End PBXFileReference section */

/* Begin PBXFrameworksBuildPhase section */
		C2F20963275DE11000F1851F /* Frameworks */ = {
			isa = PBXFrameworksBuildPhase;
			buildActionMask = 2147483647;
			files = (
				C2F20976275DE3B800F1851F /* PlatformTestSupport in Frameworks */,
			);
			runOnlyForDeploymentPostprocessing = 0;
		};
		C2F2097F275DE89700F1851F /* Frameworks */ = {
			isa = PBXFrameworksBuildPhase;
			buildActionMask = 2147483647;
			files = (
			);
			runOnlyForDeploymentPostprocessing = 0;
		};
		C2F20998275DE91300F1851F /* Frameworks */ = {
			isa = PBXFrameworksBuildPhase;
			buildActionMask = 2147483647;
			files = (
				C2F209AD275DEB5B00F1851F /* AddPaymentMethodImp in Frameworks */,
				C2F209AB275DEB5B00F1851F /* AddPaymentMethod in Frameworks */,
				C2F209B3275DF44E00F1851F /* AddPaymentMethodTestSupport in Frameworks */,
				C2F209A7275DE99200F1851F /* PlatformTestSupport in Frameworks */,
				C2F209AF275DEC0400F1851F /* FinanaceRepositoryTestSupport in Frameworks */,
				C2F209B1275DEC0400F1851F /* FinanceRepository in Frameworks */,
			);
			runOnlyForDeploymentPostprocessing = 0;
		};
		F5829F5226DB2BC400BFA8CD /* Frameworks */ = {
			isa = PBXFrameworksBuildPhase;
			buildActionMask = 2147483647;
			files = (
				C2D6208E274B8BE70076DA8F /* SuperUI in Frameworks */,
				C2D620A8274BB95B0076DA8F /* AddPaymentMethodImp in Frameworks */,
				C2D62090274B8BEC0076DA8F /* FinanceEntity in Frameworks */,
				C2C0CACB272FE4F600FB4B7A /* CombineExt in Frameworks */,
				C2D620AC274BC16F0076DA8F /* NetworkImp in Frameworks */,
				C2D620A0274BA8B50076DA8F /* ProfileHome in Frameworks */,
				C2D620A4274BB1BF0076DA8F /* TransportHomeImp in Frameworks */,
				C2D620A6274BB6CE0076DA8F /* TopupImp in Frameworks */,
				C2D62094274B9E3F0076DA8F /* Topup in Frameworks */,
				C2D62088274B612F0076DA8F /* AddPaymentMethod in Frameworks */,
				C2D6208A274B8BE70076DA8F /* CombineUtil in Frameworks */,
				C2D6209C274BA4320076DA8F /* TransportHome in Frameworks */,
				C2D62092274B8BEC0076DA8F /* FinanceRepository in Frameworks */,
				C2D6208C274B8BE70076DA8F /* RIBsUtil in Frameworks */,
				C2D620AA274BC16F0076DA8F /* Network in Frameworks */,
				C2D6209E274BA7360076DA8F /* AppHome in Frameworks */,
				C2D62098274BA2C10076DA8F /* FinanceHome in Frameworks */,
				F5829F6E26DB2DE900BFA8CD /* ModernRIBs in Frameworks */,
			);
			runOnlyForDeploymentPostprocessing = 0;
		};
/* End PBXFrameworksBuildPhase section */

/* Begin PBXGroup section */
		C2D62086274B612F0076DA8F /* Frameworks */ = {
			isa = PBXGroup;
			children = (
			);
			name = Frameworks;
			sourceTree = "<group>";
		};
		C2F20967275DE11000F1851F /* MiniSuperAppUITests */ = {
			isa = PBXGroup;
			children = (
				C2F2097A275DE49A00F1851F /* TestUtil.swift */,
				C2F20977275DE3DF00F1851F /* Response */,
				C2F20968275DE11000F1851F /* MiniSuperAppUITests.swift */,
				C2F20970275DE15800F1851F /* TopupImpUITests.swift */,
				C2F2096A275DE11000F1851F /* Info.plist */,
			);
			path = MiniSuperAppUITests;
			sourceTree = "<group>";
		};
		C2F20977275DE3DF00F1851F /* Response */ = {
			isa = PBXGroup;
			children = (
				C2F20978275DE3F300F1851F /* cardOnFile.json */,
				C2F2097C275DE50700F1851F /* topupSuccessResponse.json */,
			);
			path = Response;
			sourceTree = "<group>";
		};
		C2F20983275DE89700F1851F /* TestHost */ = {
			isa = PBXGroup;
			children = (
				C2F20984275DE89700F1851F /* AppDelegate.swift */,
				C2F2098D275DE89800F1851F /* Assets.xcassets */,
				C2F2098F275DE89800F1851F /* LaunchScreen.storyboard */,
				C2F20992275DE89800F1851F /* Info.plist */,
			);
			path = TestHost;
			sourceTree = "<group>";
		};
		C2F2099C275DE91400F1851F /* AddPaymentMethodIntegraionTests */ = {
			isa = PBXGroup;
			children = (
				C2F2099F275DE91400F1851F /* Info.plist */,
				C2F209A8275DE9C600F1851F /* AddPaymentMethodIntegrationTests.swift */,
			);
			path = AddPaymentMethodIntegraionTests;
			sourceTree = "<group>";
		};
		F57F6AFF26DB585100C0117D /* Utils */ = {
			isa = PBXGroup;
			children = (
				C2C0CB2927396A0C00FB4B7A /* Array+Utils.swift */,
			);
			path = Utils;
			sourceTree = "<group>";
		};
		F5829F4C26DB2BC400BFA8CD = {
			isa = PBXGroup;
			children = (
				C2D62084274B60020076DA8F /* Platform */,
				C2D62083274B5FED0076DA8F /* Profile */,
				C2D62082274B28440076DA8F /* Transport */,
				C2D62081274B28370076DA8F /* Finanace */,
				C2D62080274B280B0076DA8F /* CX */,
				F5829F5726DB2BC400BFA8CD /* MiniSuperApp */,
				C2F20967275DE11000F1851F /* MiniSuperAppUITests */,
				C2F20983275DE89700F1851F /* TestHost */,
				C2F2099C275DE91400F1851F /* AddPaymentMethodIntegraionTests */,
				F5829F5626DB2BC400BFA8CD /* Products */,
				C2D62086274B612F0076DA8F /* Frameworks */,
			);
			sourceTree = "<group>";
		};
		F5829F5626DB2BC400BFA8CD /* Products */ = {
			isa = PBXGroup;
			children = (
				F5829F5526DB2BC400BFA8CD /* MiniSuperApp.app */,
				C2F20966275DE11000F1851F /* MiniSuperAppUITests.xctest */,
				C2F20982275DE89700F1851F /* TestHost.app */,
				C2F2099B275DE91300F1851F /* AddPaymentMethodIntegraionTests.xctest */,
			);
			name = Products;
			sourceTree = "<group>";
		};
		F5829F5726DB2BC400BFA8CD /* MiniSuperApp */ = {
			isa = PBXGroup;
			children = (
				F5829F7A26DB3AF900BFA8CD /* AppDelegate */,
				F5829F6F26DB33CF00BFA8CD /* AppRoot */,
				F57F6AFF26DB585100C0117D /* Utils */,
				F5829F6126DB2BC500BFA8CD /* Assets.xcassets */,
				F5829F6326DB2BC500BFA8CD /* LaunchScreen.storyboard */,
				F5829F6626DB2BC500BFA8CD /* Info.plist */,
			);
			path = MiniSuperApp;
			sourceTree = "<group>";
		};
		F5829F6F26DB33CF00BFA8CD /* AppRoot */ = {
			isa = PBXGroup;
			children = (
				F5829F7026DB34AA00BFA8CD /* AppRootRouter.swift */,
				F5829F7226DB34AA00BFA8CD /* AppRootBuilder.swift */,
				F5829F7326DB34AA00BFA8CD /* AppRootInteractor.swift */,
				F57F6AFD26DB4CD700C0117D /* RootTabBarController.swift */,
				C2D620A1274BB1790076DA8F /* AppRootComponent.swift */,
				C2D620AD274BC1C30076DA8F /* BaseURL.swift */,
				C2D620AF274BC2F60076DA8F /* SuperAppURLProtocol.swift */,
				C2D620B1274BC5B30076DA8F /* SetupURLProtocol.swift */,
			);
			path = AppRoot;
			sourceTree = "<group>";
		};
		F5829F7A26DB3AF900BFA8CD /* AppDelegate */ = {
			isa = PBXGroup;
			children = (
				F5829F5826DB2BC400BFA8CD /* AppDelegate.swift */,
				F5829F7826DB397300BFA8CD /* AppComponent.swift */,
			);
			path = AppDelegate;
			sourceTree = "<group>";
		};
/* End PBXGroup section */

/* Begin PBXNativeTarget section */
		C2F20965275DE11000F1851F /* MiniSuperAppUITests */ = {
			isa = PBXNativeTarget;
			buildConfigurationList = C2F2096F275DE11000F1851F /* Build configuration list for PBXNativeTarget "MiniSuperAppUITests" */;
			buildPhases = (
				C2F20962275DE11000F1851F /* Sources */,
				C2F20963275DE11000F1851F /* Frameworks */,
				C2F20964275DE11000F1851F /* Resources */,
			);
			buildRules = (
			);
			dependencies = (
				C2F2096C275DE11000F1851F /* PBXTargetDependency */,
			);
			name = MiniSuperAppUITests;
			packageProductDependencies = (
				C2F20975275DE3B800F1851F /* PlatformTestSupport */,
			);
			productName = MiniSuperAppUITests;
			productReference = C2F20966275DE11000F1851F /* MiniSuperAppUITests.xctest */;
			productType = "com.apple.product-type.bundle.ui-testing";
		};
		C2F20981275DE89700F1851F /* TestHost */ = {
			isa = PBXNativeTarget;
			buildConfigurationList = C2F20993275DE89800F1851F /* Build configuration list for PBXNativeTarget "TestHost" */;
			buildPhases = (
				C2F2097E275DE89700F1851F /* Sources */,
				C2F2097F275DE89700F1851F /* Frameworks */,
				C2F20980275DE89700F1851F /* Resources */,
			);
			buildRules = (
			);
			dependencies = (
			);
			name = TestHost;
			productName = TestHost;
			productReference = C2F20982275DE89700F1851F /* TestHost.app */;
			productType = "com.apple.product-type.application";
		};
		C2F2099A275DE91300F1851F /* AddPaymentMethodIntegraionTests */ = {
			isa = PBXNativeTarget;
			buildConfigurationList = C2F209A2275DE91400F1851F /* Build configuration list for PBXNativeTarget "AddPaymentMethodIntegraionTests" */;
			buildPhases = (
				C2F20997275DE91300F1851F /* Sources */,
				C2F20998275DE91300F1851F /* Frameworks */,
				C2F20999275DE91300F1851F /* Resources */,
			);
			buildRules = (
			);
			dependencies = (
				C2F209A1275DE91400F1851F /* PBXTargetDependency */,
			);
			name = AddPaymentMethodIntegraionTests;
			packageProductDependencies = (
				C2F209A6275DE99200F1851F /* PlatformTestSupport */,
				C2F209AA275DEB5B00F1851F /* AddPaymentMethod */,
				C2F209AC275DEB5B00F1851F /* AddPaymentMethodImp */,
				C2F209AE275DEC0400F1851F /* FinanaceRepositoryTestSupport */,
				C2F209B0275DEC0400F1851F /* FinanceRepository */,
				C2F209B2275DF44E00F1851F /* AddPaymentMethodTestSupport */,
			);
			productName = AddPaymentMethodIntegraionTests;
			productReference = C2F2099B275DE91300F1851F /* AddPaymentMethodIntegraionTests.xctest */;
			productType = "com.apple.product-type.bundle.unit-test";
		};
		F5829F5426DB2BC400BFA8CD /* MiniSuperApp */ = {
			isa = PBXNativeTarget;
			buildConfigurationList = F5829F6926DB2BC500BFA8CD /* Build configuration list for PBXNativeTarget "MiniSuperApp" */;
			buildPhases = (
				F5829F5126DB2BC400BFA8CD /* Sources */,
				F5829F5226DB2BC400BFA8CD /* Frameworks */,
				F5829F5326DB2BC400BFA8CD /* Resources */,
			);
			buildRules = (
			);
			dependencies = (
			);
			name = MiniSuperApp;
			packageProductDependencies = (
				F5829F6D26DB2DE900BFA8CD /* ModernRIBs */,
				C2C0CACA272FE4F600FB4B7A /* CombineExt */,
				C2D62087274B612F0076DA8F /* AddPaymentMethod */,
				C2D62089274B8BE70076DA8F /* CombineUtil */,
				C2D6208B274B8BE70076DA8F /* RIBsUtil */,
				C2D6208D274B8BE70076DA8F /* SuperUI */,
				C2D6208F274B8BEC0076DA8F /* FinanceEntity */,
				C2D62091274B8BEC0076DA8F /* FinanceRepository */,
				C2D62093274B9E3F0076DA8F /* Topup */,
				C2D62097274BA2C10076DA8F /* FinanceHome */,
				C2D6209B274BA4320076DA8F /* TransportHome */,
				C2D6209D274BA7360076DA8F /* AppHome */,
				C2D6209F274BA8B50076DA8F /* ProfileHome */,
				C2D620A3274BB1BF0076DA8F /* TransportHomeImp */,
				C2D620A5274BB6CE0076DA8F /* TopupImp */,
				C2D620A7274BB95B0076DA8F /* AddPaymentMethodImp */,
				C2D620A9274BC16F0076DA8F /* Network */,
				C2D620AB274BC16F0076DA8F /* NetworkImp */,
			);
			productName = SuperRedApp;
			productReference = F5829F5526DB2BC400BFA8CD /* MiniSuperApp.app */;
			productType = "com.apple.product-type.application";
		};
/* End PBXNativeTarget section */

/* Begin PBXProject section */
		F5829F4D26DB2BC400BFA8CD /* Project object */ = {
			isa = PBXProject;
			attributes = {
				LastSwiftUpdateCheck = 1250;
				LastUpgradeCheck = 1250;
				TargetAttributes = {
					C2F20965275DE11000F1851F = {
						CreatedOnToolsVersion = 12.5;
						TestTargetID = F5829F5426DB2BC400BFA8CD;
					};
					C2F20981275DE89700F1851F = {
						CreatedOnToolsVersion = 12.5;
					};
					C2F2099A275DE91300F1851F = {
						CreatedOnToolsVersion = 12.5;
						TestTargetID = C2F20981275DE89700F1851F;
					};
					F5829F5426DB2BC400BFA8CD = {
						CreatedOnToolsVersion = 12.5.1;
					};
				};
			};
			buildConfigurationList = F5829F5026DB2BC400BFA8CD /* Build configuration list for PBXProject "MiniSuperApp" */;
			compatibilityVersion = "Xcode 9.3";
			developmentRegion = en;
			hasScannedForEncodings = 0;
			knownRegions = (
				en,
				Base,
			);
			mainGroup = F5829F4C26DB2BC400BFA8CD;
			packageReferences = (
				F5829F6C26DB2DE900BFA8CD /* XCRemoteSwiftPackageReference "ModernRIBs" */,
				C2C0CAC9272FE4F600FB4B7A /* XCRemoteSwiftPackageReference "CombineExt" */,
			);
			productRefGroup = F5829F5626DB2BC400BFA8CD /* Products */;
			projectDirPath = "";
			projectRoot = "";
			targets = (
				F5829F5426DB2BC400BFA8CD /* MiniSuperApp */,
				C2F20965275DE11000F1851F /* MiniSuperAppUITests */,
				C2F20981275DE89700F1851F /* TestHost */,
				C2F2099A275DE91300F1851F /* AddPaymentMethodIntegraionTests */,
			);
		};
/* End PBXProject section */

/* Begin PBXResourcesBuildPhase section */
		C2F20964275DE11000F1851F /* Resources */ = {
			isa = PBXResourcesBuildPhase;
			buildActionMask = 2147483647;
			files = (
				C2F20979275DE3F300F1851F /* cardOnFile.json in Resources */,
				C2F2097D275DE50700F1851F /* topupSuccessResponse.json in Resources */,
			);
			runOnlyForDeploymentPostprocessing = 0;
		};
		C2F20980275DE89700F1851F /* Resources */ = {
			isa = PBXResourcesBuildPhase;
			buildActionMask = 2147483647;
			files = (
				C2F20991275DE89800F1851F /* LaunchScreen.storyboard in Resources */,
				C2F2098E275DE89800F1851F /* Assets.xcassets in Resources */,
			);
			runOnlyForDeploymentPostprocessing = 0;
		};
		C2F20999275DE91300F1851F /* Resources */ = {
			isa = PBXResourcesBuildPhase;
			buildActionMask = 2147483647;
			files = (
			);
			runOnlyForDeploymentPostprocessing = 0;
		};
		F5829F5326DB2BC400BFA8CD /* Resources */ = {
			isa = PBXResourcesBuildPhase;
			buildActionMask = 2147483647;
			files = (
				F5829F6526DB2BC500BFA8CD /* LaunchScreen.storyboard in Resources */,
				F5829F6226DB2BC500BFA8CD /* Assets.xcassets in Resources */,
			);
			runOnlyForDeploymentPostprocessing = 0;
		};
/* End PBXResourcesBuildPhase section */

/* Begin PBXSourcesBuildPhase section */
		C2F20962275DE11000F1851F /* Sources */ = {
			isa = PBXSourcesBuildPhase;
			buildActionMask = 2147483647;
			files = (
				C2F20969275DE11000F1851F /* MiniSuperAppUITests.swift in Sources */,
				C2F2097B275DE49A00F1851F /* TestUtil.swift in Sources */,
				C2F20971275DE15800F1851F /* TopupImpUITests.swift in Sources */,
			);
			runOnlyForDeploymentPostprocessing = 0;
		};
		C2F2097E275DE89700F1851F /* Sources */ = {
			isa = PBXSourcesBuildPhase;
			buildActionMask = 2147483647;
			files = (
				C2F20985275DE89700F1851F /* AppDelegate.swift in Sources */,
			);
			runOnlyForDeploymentPostprocessing = 0;
		};
		C2F20997275DE91300F1851F /* Sources */ = {
			isa = PBXSourcesBuildPhase;
			buildActionMask = 2147483647;
			files = (
				C2F209A9275DE9C600F1851F /* AddPaymentMethodIntegrationTests.swift in Sources */,
			);
			runOnlyForDeploymentPostprocessing = 0;
		};
		F5829F5126DB2BC400BFA8CD /* Sources */ = {
			isa = PBXSourcesBuildPhase;
			buildActionMask = 2147483647;
			files = (
				C2C0CB2A27396A0C00FB4B7A /* Array+Utils.swift in Sources */,
				C2D620B2274BC5B30076DA8F /* SetupURLProtocol.swift in Sources */,
				C2D620B0274BC2F60076DA8F /* SuperAppURLProtocol.swift in Sources */,
				C2D620A2274BB1790076DA8F /* AppRootComponent.swift in Sources */,
				F5829F7626DB34AA00BFA8CD /* AppRootBuilder.swift in Sources */,
				F5829F7726DB34AA00BFA8CD /* AppRootInteractor.swift in Sources */,
				F57F6AFE26DB4CD700C0117D /* RootTabBarController.swift in Sources */,
				F5829F5926DB2BC400BFA8CD /* AppDelegate.swift in Sources */,
				F5829F7926DB397300BFA8CD /* AppComponent.swift in Sources */,
				F5829F7426DB34AA00BFA8CD /* AppRootRouter.swift in Sources */,
				C2D620AE274BC1C30076DA8F /* BaseURL.swift in Sources */,
			);
			runOnlyForDeploymentPostprocessing = 0;
		};
/* End PBXSourcesBuildPhase section */

/* Begin PBXTargetDependency section */
		C2F2096C275DE11000F1851F /* PBXTargetDependency */ = {
			isa = PBXTargetDependency;
			target = F5829F5426DB2BC400BFA8CD /* MiniSuperApp */;
			targetProxy = C2F2096B275DE11000F1851F /* PBXContainerItemProxy */;
		};
		C2F209A1275DE91400F1851F /* PBXTargetDependency */ = {
			isa = PBXTargetDependency;
			target = C2F20981275DE89700F1851F /* TestHost */;
			targetProxy = C2F209A0275DE91400F1851F /* PBXContainerItemProxy */;
		};
/* End PBXTargetDependency section */

/* Begin PBXVariantGroup section */
		C2F2098F275DE89800F1851F /* LaunchScreen.storyboard */ = {
			isa = PBXVariantGroup;
			children = (
				C2F20990275DE89800F1851F /* Base */,
			);
			name = LaunchScreen.storyboard;
			sourceTree = "<group>";
		};
		F5829F6326DB2BC500BFA8CD /* LaunchScreen.storyboard */ = {
			isa = PBXVariantGroup;
			children = (
				F5829F6426DB2BC500BFA8CD /* Base */,
			);
			name = LaunchScreen.storyboard;
			sourceTree = "<group>";
		};
/* End PBXVariantGroup section */

/* Begin XCBuildConfiguration section */
		C2F2096D275DE11000F1851F /* Debug */ = {
			isa = XCBuildConfiguration;
			buildSettings = {
				CODE_SIGN_STYLE = Automatic;
				DEVELOPMENT_TEAM = 6C4YL9RLK7;
				INFOPLIST_FILE = MiniSuperAppUITests/Info.plist;
				LD_RUNPATH_SEARCH_PATHS = (
					"$(inherited)",
					"@executable_path/Frameworks",
					"@loader_path/Frameworks",
				);
				PRODUCT_BUNDLE_IDENTIFIER = com.eunjin.MiniSuperAppUITests;
				PRODUCT_NAME = "$(TARGET_NAME)";
				SWIFT_VERSION = 5.0;
				TARGETED_DEVICE_FAMILY = "1,2";
				TEST_TARGET_NAME = MiniSuperApp;
			};
			name = Debug;
		};
		C2F2096E275DE11000F1851F /* Release */ = {
			isa = XCBuildConfiguration;
			buildSettings = {
				CODE_SIGN_STYLE = Automatic;
				DEVELOPMENT_TEAM = 6C4YL9RLK7;
				INFOPLIST_FILE = MiniSuperAppUITests/Info.plist;
				LD_RUNPATH_SEARCH_PATHS = (
					"$(inherited)",
					"@executable_path/Frameworks",
					"@loader_path/Frameworks",
				);
				PRODUCT_BUNDLE_IDENTIFIER = com.eunjin.MiniSuperAppUITests;
				PRODUCT_NAME = "$(TARGET_NAME)";
				SWIFT_VERSION = 5.0;
				TARGETED_DEVICE_FAMILY = "1,2";
				TEST_TARGET_NAME = MiniSuperApp;
			};
			name = Release;
		};
		C2F20972275DE25400F1851F /* UITESTING */ = {
			isa = XCBuildConfiguration;
			buildSettings = {
				ALWAYS_SEARCH_USER_PATHS = NO;
				CLANG_ANALYZER_NONNULL = YES;
				CLANG_ANALYZER_NUMBER_OBJECT_CONVERSION = YES_AGGRESSIVE;
				CLANG_CXX_LANGUAGE_STANDARD = "gnu++14";
				CLANG_CXX_LIBRARY = "libc++";
				CLANG_ENABLE_MODULES = YES;
				CLANG_ENABLE_OBJC_ARC = YES;
				CLANG_ENABLE_OBJC_WEAK = YES;
				CLANG_WARN_BLOCK_CAPTURE_AUTORELEASING = YES;
				CLANG_WARN_BOOL_CONVERSION = YES;
				CLANG_WARN_COMMA = YES;
				CLANG_WARN_CONSTANT_CONVERSION = YES;
				CLANG_WARN_DEPRECATED_OBJC_IMPLEMENTATIONS = YES;
				CLANG_WARN_DIRECT_OBJC_ISA_USAGE = YES_ERROR;
				CLANG_WARN_DOCUMENTATION_COMMENTS = YES;
				CLANG_WARN_EMPTY_BODY = YES;
				CLANG_WARN_ENUM_CONVERSION = YES;
				CLANG_WARN_INFINITE_RECURSION = YES;
				CLANG_WARN_INT_CONVERSION = YES;
				CLANG_WARN_NON_LITERAL_NULL_CONVERSION = YES;
				CLANG_WARN_OBJC_IMPLICIT_RETAIN_SELF = YES;
				CLANG_WARN_OBJC_LITERAL_CONVERSION = YES;
				CLANG_WARN_OBJC_ROOT_CLASS = YES_ERROR;
				CLANG_WARN_QUOTED_INCLUDE_IN_FRAMEWORK_HEADER = YES;
				CLANG_WARN_RANGE_LOOP_ANALYSIS = YES;
				CLANG_WARN_STRICT_PROTOTYPES = YES;
				CLANG_WARN_SUSPICIOUS_MOVE = YES;
				CLANG_WARN_UNGUARDED_AVAILABILITY = YES_AGGRESSIVE;
				CLANG_WARN_UNREACHABLE_CODE = YES;
				CLANG_WARN__DUPLICATE_METHOD_MATCH = YES;
				COPY_PHASE_STRIP = NO;
				DEBUG_INFORMATION_FORMAT = dwarf;
				ENABLE_STRICT_OBJC_MSGSEND = YES;
				ENABLE_TESTABILITY = YES;
				GCC_C_LANGUAGE_STANDARD = gnu11;
				GCC_DYNAMIC_NO_PIC = NO;
				GCC_NO_COMMON_BLOCKS = YES;
				GCC_OPTIMIZATION_LEVEL = 0;
				GCC_PREPROCESSOR_DEFINITIONS = (
					"DEBUG=1",
					"$(inherited)",
				);
				GCC_WARN_64_TO_32_BIT_CONVERSION = YES;
				GCC_WARN_ABOUT_RETURN_TYPE = YES_ERROR;
				GCC_WARN_UNDECLARED_SELECTOR = YES;
				GCC_WARN_UNINITIALIZED_AUTOS = YES_AGGRESSIVE;
				GCC_WARN_UNUSED_FUNCTION = YES;
				GCC_WARN_UNUSED_VARIABLE = YES;
				IPHONEOS_DEPLOYMENT_TARGET = 14.5;
				MTL_ENABLE_DEBUG_INFO = INCLUDE_SOURCE;
				MTL_FAST_MATH = YES;
				ONLY_ACTIVE_ARCH = YES;
				SDKROOT = iphoneos;
				SWIFT_ACTIVE_COMPILATION_CONDITIONS = UITESTING;
				SWIFT_OPTIMIZATION_LEVEL = "-Onone";
			};
			name = UITESTING;
		};
		C2F20973275DE25400F1851F /* UITESTING */ = {
			isa = XCBuildConfiguration;
			buildSettings = {
				ASSETCATALOG_COMPILER_APPICON_NAME = AppIcon;
				ASSETCATALOG_COMPILER_GLOBAL_ACCENT_COLOR_NAME = AccentColor;
				CODE_SIGN_STYLE = Automatic;
				INFOPLIST_FILE = MiniSuperApp/Info.plist;
				LD_RUNPATH_SEARCH_PATHS = (
					"$(inherited)",
					"@executable_path/Frameworks",
				);
				PRODUCT_BUNDLE_IDENTIFIER = com.red.MiniSuperApp;
				PRODUCT_NAME = "$(TARGET_NAME)";
				SWIFT_VERSION = 5.0;
				TARGETED_DEVICE_FAMILY = 1;
			};
			name = UITESTING;
		};
		C2F20974275DE25400F1851F /* UITESTING */ = {
			isa = XCBuildConfiguration;
			buildSettings = {
				CODE_SIGN_STYLE = Automatic;
				DEVELOPMENT_TEAM = 6C4YL9RLK7;
				INFOPLIST_FILE = MiniSuperAppUITests/Info.plist;
				LD_RUNPATH_SEARCH_PATHS = (
					"$(inherited)",
					"@executable_path/Frameworks",
					"@loader_path/Frameworks",
				);
				PRODUCT_BUNDLE_IDENTIFIER = com.eunjin.MiniSuperAppUITests;
				PRODUCT_NAME = "$(TARGET_NAME)";
				SWIFT_VERSION = 5.0;
				TARGETED_DEVICE_FAMILY = "1,2";
				TEST_TARGET_NAME = MiniSuperApp;
			};
			name = UITESTING;
		};
		C2F20994275DE89800F1851F /* Debug */ = {
			isa = XCBuildConfiguration;
			buildSettings = {
				ASSETCATALOG_COMPILER_APPICON_NAME = AppIcon;
				ASSETCATALOG_COMPILER_GLOBAL_ACCENT_COLOR_NAME = AccentColor;
				CODE_SIGN_STYLE = Automatic;
				DEVELOPMENT_TEAM = 6C4YL9RLK7;
				INFOPLIST_FILE = TestHost/Info.plist;
				LD_RUNPATH_SEARCH_PATHS = (
					"$(inherited)",
					"@executable_path/Frameworks",
				);
				PRODUCT_BUNDLE_IDENTIFIER = com.eunjin.TestHost;
				PRODUCT_NAME = "$(TARGET_NAME)";
				SWIFT_VERSION = 5.0;
				TARGETED_DEVICE_FAMILY = "1,2";
			};
			name = Debug;
		};
		C2F20995275DE89800F1851F /* UITESTING */ = {
			isa = XCBuildConfiguration;
			buildSettings = {
				ASSETCATALOG_COMPILER_APPICON_NAME = AppIcon;
				ASSETCATALOG_COMPILER_GLOBAL_ACCENT_COLOR_NAME = AccentColor;
				CODE_SIGN_STYLE = Automatic;
				DEVELOPMENT_TEAM = 6C4YL9RLK7;
				INFOPLIST_FILE = TestHost/Info.plist;
				LD_RUNPATH_SEARCH_PATHS = (
					"$(inherited)",
					"@executable_path/Frameworks",
				);
				PRODUCT_BUNDLE_IDENTIFIER = com.eunjin.TestHost;
				PRODUCT_NAME = "$(TARGET_NAME)";
				SWIFT_VERSION = 5.0;
				TARGETED_DEVICE_FAMILY = "1,2";
			};
			name = UITESTING;
		};
		C2F20996275DE89800F1851F /* Release */ = {
			isa = XCBuildConfiguration;
			buildSettings = {
				ASSETCATALOG_COMPILER_APPICON_NAME = AppIcon;
				ASSETCATALOG_COMPILER_GLOBAL_ACCENT_COLOR_NAME = AccentColor;
				CODE_SIGN_STYLE = Automatic;
				DEVELOPMENT_TEAM = 6C4YL9RLK7;
				INFOPLIST_FILE = TestHost/Info.plist;
				LD_RUNPATH_SEARCH_PATHS = (
					"$(inherited)",
					"@executable_path/Frameworks",
				);
				PRODUCT_BUNDLE_IDENTIFIER = com.eunjin.TestHost;
				PRODUCT_NAME = "$(TARGET_NAME)";
				SWIFT_VERSION = 5.0;
				TARGETED_DEVICE_FAMILY = "1,2";
			};
			name = Release;
		};
		C2F209A3275DE91400F1851F /* Debug */ = {
			isa = XCBuildConfiguration;
			buildSettings = {
				BUNDLE_LOADER = "$(TEST_HOST)";
				CODE_SIGN_STYLE = Automatic;
				DEVELOPMENT_TEAM = 6C4YL9RLK7;
				INFOPLIST_FILE = AddPaymentMethodIntegraionTests/Info.plist;
				LD_RUNPATH_SEARCH_PATHS = (
					"$(inherited)",
					"@executable_path/Frameworks",
					"@loader_path/Frameworks",
				);
				PRODUCT_BUNDLE_IDENTIFIER = com.eunjin.AddPaymentMethodIntegraionTests;
				PRODUCT_NAME = "$(TARGET_NAME)";
				SWIFT_VERSION = 5.0;
				TARGETED_DEVICE_FAMILY = "1,2";
				TEST_HOST = "$(BUILT_PRODUCTS_DIR)/TestHost.app/TestHost";
			};
			name = Debug;
		};
		C2F209A4275DE91400F1851F /* UITESTING */ = {
			isa = XCBuildConfiguration;
			buildSettings = {
				BUNDLE_LOADER = "$(TEST_HOST)";
				CODE_SIGN_STYLE = Automatic;
				DEVELOPMENT_TEAM = 6C4YL9RLK7;
				INFOPLIST_FILE = AddPaymentMethodIntegraionTests/Info.plist;
				LD_RUNPATH_SEARCH_PATHS = (
					"$(inherited)",
					"@executable_path/Frameworks",
					"@loader_path/Frameworks",
				);
				PRODUCT_BUNDLE_IDENTIFIER = com.eunjin.AddPaymentMethodIntegraionTests;
				PRODUCT_NAME = "$(TARGET_NAME)";
				SWIFT_VERSION = 5.0;
				TARGETED_DEVICE_FAMILY = "1,2";
				TEST_HOST = "$(BUILT_PRODUCTS_DIR)/TestHost.app/TestHost";
			};
			name = UITESTING;
		};
		C2F209A5275DE91400F1851F /* Release */ = {
			isa = XCBuildConfiguration;
			buildSettings = {
				BUNDLE_LOADER = "$(TEST_HOST)";
				CODE_SIGN_STYLE = Automatic;
				DEVELOPMENT_TEAM = 6C4YL9RLK7;
				INFOPLIST_FILE = AddPaymentMethodIntegraionTests/Info.plist;
				LD_RUNPATH_SEARCH_PATHS = (
					"$(inherited)",
					"@executable_path/Frameworks",
					"@loader_path/Frameworks",
				);
				PRODUCT_BUNDLE_IDENTIFIER = com.eunjin.AddPaymentMethodIntegraionTests;
				PRODUCT_NAME = "$(TARGET_NAME)";
				SWIFT_VERSION = 5.0;
				TARGETED_DEVICE_FAMILY = "1,2";
				TEST_HOST = "$(BUILT_PRODUCTS_DIR)/TestHost.app/TestHost";
			};
			name = Release;
		};
		F5829F6726DB2BC500BFA8CD /* Debug */ = {
			isa = XCBuildConfiguration;
			buildSettings = {
				ALWAYS_SEARCH_USER_PATHS = NO;
				CLANG_ANALYZER_NONNULL = YES;
				CLANG_ANALYZER_NUMBER_OBJECT_CONVERSION = YES_AGGRESSIVE;
				CLANG_CXX_LANGUAGE_STANDARD = "gnu++14";
				CLANG_CXX_LIBRARY = "libc++";
				CLANG_ENABLE_MODULES = YES;
				CLANG_ENABLE_OBJC_ARC = YES;
				CLANG_ENABLE_OBJC_WEAK = YES;
				CLANG_WARN_BLOCK_CAPTURE_AUTORELEASING = YES;
				CLANG_WARN_BOOL_CONVERSION = YES;
				CLANG_WARN_COMMA = YES;
				CLANG_WARN_CONSTANT_CONVERSION = YES;
				CLANG_WARN_DEPRECATED_OBJC_IMPLEMENTATIONS = YES;
				CLANG_WARN_DIRECT_OBJC_ISA_USAGE = YES_ERROR;
				CLANG_WARN_DOCUMENTATION_COMMENTS = YES;
				CLANG_WARN_EMPTY_BODY = YES;
				CLANG_WARN_ENUM_CONVERSION = YES;
				CLANG_WARN_INFINITE_RECURSION = YES;
				CLANG_WARN_INT_CONVERSION = YES;
				CLANG_WARN_NON_LITERAL_NULL_CONVERSION = YES;
				CLANG_WARN_OBJC_IMPLICIT_RETAIN_SELF = YES;
				CLANG_WARN_OBJC_LITERAL_CONVERSION = YES;
				CLANG_WARN_OBJC_ROOT_CLASS = YES_ERROR;
				CLANG_WARN_QUOTED_INCLUDE_IN_FRAMEWORK_HEADER = YES;
				CLANG_WARN_RANGE_LOOP_ANALYSIS = YES;
				CLANG_WARN_STRICT_PROTOTYPES = YES;
				CLANG_WARN_SUSPICIOUS_MOVE = YES;
				CLANG_WARN_UNGUARDED_AVAILABILITY = YES_AGGRESSIVE;
				CLANG_WARN_UNREACHABLE_CODE = YES;
				CLANG_WARN__DUPLICATE_METHOD_MATCH = YES;
				COPY_PHASE_STRIP = NO;
				DEBUG_INFORMATION_FORMAT = dwarf;
				ENABLE_STRICT_OBJC_MSGSEND = YES;
				ENABLE_TESTABILITY = YES;
				GCC_C_LANGUAGE_STANDARD = gnu11;
				GCC_DYNAMIC_NO_PIC = NO;
				GCC_NO_COMMON_BLOCKS = YES;
				GCC_OPTIMIZATION_LEVEL = 0;
				GCC_PREPROCESSOR_DEFINITIONS = (
					"DEBUG=1",
					"$(inherited)",
				);
				GCC_WARN_64_TO_32_BIT_CONVERSION = YES;
				GCC_WARN_ABOUT_RETURN_TYPE = YES_ERROR;
				GCC_WARN_UNDECLARED_SELECTOR = YES;
				GCC_WARN_UNINITIALIZED_AUTOS = YES_AGGRESSIVE;
				GCC_WARN_UNUSED_FUNCTION = YES;
				GCC_WARN_UNUSED_VARIABLE = YES;
				IPHONEOS_DEPLOYMENT_TARGET = 14.5;
				MTL_ENABLE_DEBUG_INFO = INCLUDE_SOURCE;
				MTL_FAST_MATH = YES;
				ONLY_ACTIVE_ARCH = YES;
				SDKROOT = iphoneos;
				SWIFT_ACTIVE_COMPILATION_CONDITIONS = DEBUG;
				SWIFT_OPTIMIZATION_LEVEL = "-Onone";
			};
			name = Debug;
		};
		F5829F6826DB2BC500BFA8CD /* Release */ = {
			isa = XCBuildConfiguration;
			buildSettings = {
				ALWAYS_SEARCH_USER_PATHS = NO;
				CLANG_ANALYZER_NONNULL = YES;
				CLANG_ANALYZER_NUMBER_OBJECT_CONVERSION = YES_AGGRESSIVE;
				CLANG_CXX_LANGUAGE_STANDARD = "gnu++14";
				CLANG_CXX_LIBRARY = "libc++";
				CLANG_ENABLE_MODULES = YES;
				CLANG_ENABLE_OBJC_ARC = YES;
				CLANG_ENABLE_OBJC_WEAK = YES;
				CLANG_WARN_BLOCK_CAPTURE_AUTORELEASING = YES;
				CLANG_WARN_BOOL_CONVERSION = YES;
				CLANG_WARN_COMMA = YES;
				CLANG_WARN_CONSTANT_CONVERSION = YES;
				CLANG_WARN_DEPRECATED_OBJC_IMPLEMENTATIONS = YES;
				CLANG_WARN_DIRECT_OBJC_ISA_USAGE = YES_ERROR;
				CLANG_WARN_DOCUMENTATION_COMMENTS = YES;
				CLANG_WARN_EMPTY_BODY = YES;
				CLANG_WARN_ENUM_CONVERSION = YES;
				CLANG_WARN_INFINITE_RECURSION = YES;
				CLANG_WARN_INT_CONVERSION = YES;
				CLANG_WARN_NON_LITERAL_NULL_CONVERSION = YES;
				CLANG_WARN_OBJC_IMPLICIT_RETAIN_SELF = YES;
				CLANG_WARN_OBJC_LITERAL_CONVERSION = YES;
				CLANG_WARN_OBJC_ROOT_CLASS = YES_ERROR;
				CLANG_WARN_QUOTED_INCLUDE_IN_FRAMEWORK_HEADER = YES;
				CLANG_WARN_RANGE_LOOP_ANALYSIS = YES;
				CLANG_WARN_STRICT_PROTOTYPES = YES;
				CLANG_WARN_SUSPICIOUS_MOVE = YES;
				CLANG_WARN_UNGUARDED_AVAILABILITY = YES_AGGRESSIVE;
				CLANG_WARN_UNREACHABLE_CODE = YES;
				CLANG_WARN__DUPLICATE_METHOD_MATCH = YES;
				COPY_PHASE_STRIP = NO;
				DEBUG_INFORMATION_FORMAT = "dwarf-with-dsym";
				ENABLE_NS_ASSERTIONS = NO;
				ENABLE_STRICT_OBJC_MSGSEND = YES;
				GCC_C_LANGUAGE_STANDARD = gnu11;
				GCC_NO_COMMON_BLOCKS = YES;
				GCC_WARN_64_TO_32_BIT_CONVERSION = YES;
				GCC_WARN_ABOUT_RETURN_TYPE = YES_ERROR;
				GCC_WARN_UNDECLARED_SELECTOR = YES;
				GCC_WARN_UNINITIALIZED_AUTOS = YES_AGGRESSIVE;
				GCC_WARN_UNUSED_FUNCTION = YES;
				GCC_WARN_UNUSED_VARIABLE = YES;
				IPHONEOS_DEPLOYMENT_TARGET = 14.5;
				MTL_ENABLE_DEBUG_INFO = NO;
				MTL_FAST_MATH = YES;
				SDKROOT = iphoneos;
				SWIFT_COMPILATION_MODE = wholemodule;
				SWIFT_OPTIMIZATION_LEVEL = "-O";
				VALIDATE_PRODUCT = YES;
			};
			name = Release;
		};
		F5829F6A26DB2BC500BFA8CD /* Debug */ = {
			isa = XCBuildConfiguration;
			buildSettings = {
				ASSETCATALOG_COMPILER_APPICON_NAME = AppIcon;
				ASSETCATALOG_COMPILER_GLOBAL_ACCENT_COLOR_NAME = AccentColor;
				CODE_SIGN_STYLE = Automatic;
				INFOPLIST_FILE = MiniSuperApp/Info.plist;
				LD_RUNPATH_SEARCH_PATHS = (
					"$(inherited)",
					"@executable_path/Frameworks",
				);
				PRODUCT_BUNDLE_IDENTIFIER = com.red.MiniSuperApp;
				PRODUCT_NAME = "$(TARGET_NAME)";
				SWIFT_VERSION = 5.0;
				TARGETED_DEVICE_FAMILY = 1;
			};
			name = Debug;
		};
		F5829F6B26DB2BC500BFA8CD /* Release */ = {
			isa = XCBuildConfiguration;
			buildSettings = {
				ASSETCATALOG_COMPILER_APPICON_NAME = AppIcon;
				ASSETCATALOG_COMPILER_GLOBAL_ACCENT_COLOR_NAME = AccentColor;
				CODE_SIGN_STYLE = Automatic;
				INFOPLIST_FILE = MiniSuperApp/Info.plist;
				LD_RUNPATH_SEARCH_PATHS = (
					"$(inherited)",
					"@executable_path/Frameworks",
				);
				PRODUCT_BUNDLE_IDENTIFIER = com.red.MiniSuperApp;
				PRODUCT_NAME = "$(TARGET_NAME)";
				SWIFT_VERSION = 5.0;
				TARGETED_DEVICE_FAMILY = 1;
			};
			name = Release;
		};
/* End XCBuildConfiguration section */

/* Begin XCConfigurationList section */
		C2F2096F275DE11000F1851F /* Build configuration list for PBXNativeTarget "MiniSuperAppUITests" */ = {
			isa = XCConfigurationList;
			buildConfigurations = (
				C2F2096D275DE11000F1851F /* Debug */,
				C2F20974275DE25400F1851F /* UITESTING */,
				C2F2096E275DE11000F1851F /* Release */,
			);
			defaultConfigurationIsVisible = 0;
			defaultConfigurationName = Release;
		};
		C2F20993275DE89800F1851F /* Build configuration list for PBXNativeTarget "TestHost" */ = {
			isa = XCConfigurationList;
			buildConfigurations = (
				C2F20994275DE89800F1851F /* Debug */,
				C2F20995275DE89800F1851F /* UITESTING */,
				C2F20996275DE89800F1851F /* Release */,
			);
			defaultConfigurationIsVisible = 0;
			defaultConfigurationName = Release;
		};
		C2F209A2275DE91400F1851F /* Build configuration list for PBXNativeTarget "AddPaymentMethodIntegraionTests" */ = {
			isa = XCConfigurationList;
			buildConfigurations = (
				C2F209A3275DE91400F1851F /* Debug */,
				C2F209A4275DE91400F1851F /* UITESTING */,
				C2F209A5275DE91400F1851F /* Release */,
			);
			defaultConfigurationIsVisible = 0;
			defaultConfigurationName = Release;
		};
		F5829F5026DB2BC400BFA8CD /* Build configuration list for PBXProject "MiniSuperApp" */ = {
			isa = XCConfigurationList;
			buildConfigurations = (
				F5829F6726DB2BC500BFA8CD /* Debug */,
				C2F20972275DE25400F1851F /* UITESTING */,
				F5829F6826DB2BC500BFA8CD /* Release */,
			);
			defaultConfigurationIsVisible = 0;
			defaultConfigurationName = Release;
		};
		F5829F6926DB2BC500BFA8CD /* Build configuration list for PBXNativeTarget "MiniSuperApp" */ = {
			isa = XCConfigurationList;
			buildConfigurations = (
				F5829F6A26DB2BC500BFA8CD /* Debug */,
				C2F20973275DE25400F1851F /* UITESTING */,
				F5829F6B26DB2BC500BFA8CD /* Release */,
			);
			defaultConfigurationIsVisible = 0;
			defaultConfigurationName = Release;
		};
/* End XCConfigurationList section */

/* Begin XCRemoteSwiftPackageReference section */
		C2C0CAC9272FE4F600FB4B7A /* XCRemoteSwiftPackageReference "CombineExt" */ = {
			isa = XCRemoteSwiftPackageReference;
			repositoryURL = "https://github.com/CombineCommunity/CombineExt";
			requirement = {
				kind = upToNextMajorVersion;
				minimumVersion = 1.5.1;
			};
		};
		F5829F6C26DB2DE900BFA8CD /* XCRemoteSwiftPackageReference "ModernRIBs" */ = {
			isa = XCRemoteSwiftPackageReference;
			repositoryURL = "https://github.com/DevYeom/ModernRIBs";
			requirement = {
				kind = upToNextMajorVersion;
				minimumVersion = 1.0.1;
			};
		};
/* End XCRemoteSwiftPackageReference section */

/* Begin XCSwiftPackageProductDependency section */
		C2C0CACA272FE4F600FB4B7A /* CombineExt */ = {
			isa = XCSwiftPackageProductDependency;
			package = C2C0CAC9272FE4F600FB4B7A /* XCRemoteSwiftPackageReference "CombineExt" */;
			productName = CombineExt;
		};
		C2D62087274B612F0076DA8F /* AddPaymentMethod */ = {
			isa = XCSwiftPackageProductDependency;
			productName = AddPaymentMethod;
		};
		C2D62089274B8BE70076DA8F /* CombineUtil */ = {
			isa = XCSwiftPackageProductDependency;
			productName = CombineUtil;
		};
		C2D6208B274B8BE70076DA8F /* RIBsUtil */ = {
			isa = XCSwiftPackageProductDependency;
			productName = RIBsUtil;
		};
		C2D6208D274B8BE70076DA8F /* SuperUI */ = {
			isa = XCSwiftPackageProductDependency;
			productName = SuperUI;
		};
		C2D6208F274B8BEC0076DA8F /* FinanceEntity */ = {
			isa = XCSwiftPackageProductDependency;
			productName = FinanceEntity;
		};
		C2D62091274B8BEC0076DA8F /* FinanceRepository */ = {
			isa = XCSwiftPackageProductDependency;
			productName = FinanceRepository;
		};
		C2D62093274B9E3F0076DA8F /* Topup */ = {
			isa = XCSwiftPackageProductDependency;
			productName = Topup;
		};
		C2D62097274BA2C10076DA8F /* FinanceHome */ = {
			isa = XCSwiftPackageProductDependency;
			productName = FinanceHome;
		};
		C2D6209B274BA4320076DA8F /* TransportHome */ = {
			isa = XCSwiftPackageProductDependency;
			productName = TransportHome;
		};
		C2D6209D274BA7360076DA8F /* AppHome */ = {
			isa = XCSwiftPackageProductDependency;
			productName = AppHome;
		};
		C2D6209F274BA8B50076DA8F /* ProfileHome */ = {
			isa = XCSwiftPackageProductDependency;
			productName = ProfileHome;
		};
		C2D620A3274BB1BF0076DA8F /* TransportHomeImp */ = {
			isa = XCSwiftPackageProductDependency;
			productName = TransportHomeImp;
		};
		C2D620A5274BB6CE0076DA8F /* TopupImp */ = {
			isa = XCSwiftPackageProductDependency;
			productName = TopupImp;
		};
		C2D620A7274BB95B0076DA8F /* AddPaymentMethodImp */ = {
			isa = XCSwiftPackageProductDependency;
			productName = AddPaymentMethodImp;
		};
		C2D620A9274BC16F0076DA8F /* Network */ = {
			isa = XCSwiftPackageProductDependency;
			productName = Network;
		};
		C2D620AB274BC16F0076DA8F /* NetworkImp */ = {
			isa = XCSwiftPackageProductDependency;
			productName = NetworkImp;
		};
		C2F20975275DE3B800F1851F /* PlatformTestSupport */ = {
			isa = XCSwiftPackageProductDependency;
			productName = PlatformTestSupport;
		};
		C2F209A6275DE99200F1851F /* PlatformTestSupport */ = {
			isa = XCSwiftPackageProductDependency;
			productName = PlatformTestSupport;
		};
		C2F209AA275DEB5B00F1851F /* AddPaymentMethod */ = {
			isa = XCSwiftPackageProductDependency;
			productName = AddPaymentMethod;
		};
		C2F209AC275DEB5B00F1851F /* AddPaymentMethodImp */ = {
			isa = XCSwiftPackageProductDependency;
			productName = AddPaymentMethodImp;
		};
		C2F209AE275DEC0400F1851F /* FinanaceRepositoryTestSupport */ = {
			isa = XCSwiftPackageProductDependency;
			productName = FinanaceRepositoryTestSupport;
		};
		C2F209B0275DEC0400F1851F /* FinanceRepository */ = {
			isa = XCSwiftPackageProductDependency;
			productName = FinanceRepository;
		};
		C2F209B2275DF44E00F1851F /* AddPaymentMethodTestSupport */ = {
			isa = XCSwiftPackageProductDependency;
			productName = AddPaymentMethodTestSupport;
		};
		F5829F6D26DB2DE900BFA8CD /* ModernRIBs */ = {
			isa = XCSwiftPackageProductDependency;
			package = F5829F6C26DB2DE900BFA8CD /* XCRemoteSwiftPackageReference "ModernRIBs" */;
			productName = ModernRIBs;
		};
/* End XCSwiftPackageProductDependency section */
	};
	rootObject = F5829F4D26DB2BC400BFA8CD /* Project object */;
}
